// !$*UTF8*$!
{
	archiveVersion = 1;
	classes = {
	};
	objectVersion = 50;
	objects = {

/* Begin PBXBuildFile section */
		AE391E0822230C1800F7F5A7 /* CurrentLocationCell.swift in Sources */ = {isa = PBXBuildFile; fileRef = AE391E0722230C1800F7F5A7 /* CurrentLocationCell.swift */; };
		AE391E0A22230C5C00F7F5A7 /* CellBGView.swift in Sources */ = {isa = PBXBuildFile; fileRef = AE391E0922230C5C00F7F5A7 /* CellBGView.swift */; };
		AE5CDFCB221B2017003C40D8 /* UIColor - Extension.swift in Sources */ = {isa = PBXBuildFile; fileRef = AE5CDFCA221B2017003C40D8 /* UIColor - Extension.swift */; };
		AE5CDFCE221B232E003C40D8 /* UIView - Extension.swift in Sources */ = {isa = PBXBuildFile; fileRef = AE5CDFCD221B232E003C40D8 /* UIView - Extension.swift */; };
		AE5CDFD0221B23EB003C40D8 /* SearchTextField.swift in Sources */ = {isa = PBXBuildFile; fileRef = AE5CDFCF221B23EB003C40D8 /* SearchTextField.swift */; };
		AE5CDFE1221B36D3003C40D8 /* JourneyMainTableView.swift in Sources */ = {isa = PBXBuildFile; fileRef = AE5CDFE0221B36D3003C40D8 /* JourneyMainTableView.swift */; };
		AE5CDFE3221B39E1003C40D8 /* HeaderView.swift in Sources */ = {isa = PBXBuildFile; fileRef = AE5CDFE2221B39E1003C40D8 /* HeaderView.swift */; };
		AE5CDFE5221B3AC8003C40D8 /* AddressCell.swift in Sources */ = {isa = PBXBuildFile; fileRef = AE5CDFE4221B3AC8003C40D8 /* AddressCell.swift */; };
		AE5CDFE7221B3CD3003C40D8 /* TableViewCellIDs.swift in Sources */ = {isa = PBXBuildFile; fileRef = AE5CDFE6221B3CD3003C40D8 /* TableViewCellIDs.swift */; };
		AEAA398722247C4200D50A46 /* PlaceSearchVC.swift in Sources */ = {isa = PBXBuildFile; fileRef = AEAA398622247C4200D50A46 /* PlaceSearchVC.swift */; };
		AEAA398922248E0500D50A46 /* PlaceSearchTableView.swift in Sources */ = {isa = PBXBuildFile; fileRef = AEAA398822248E0500D50A46 /* PlaceSearchTableView.swift */; };
		AEAA398D222857BA00D50A46 /* PlaceItem.swift in Sources */ = {isa = PBXBuildFile; fileRef = AEAA398C222857BA00D50A46 /* PlaceItem.swift */; };
		AED8EC9022172AF10049D80C /* AppDelegate.swift in Sources */ = {isa = PBXBuildFile; fileRef = AED8EC8F22172AF10049D80C /* AppDelegate.swift */; };
		AED8EC9222172AF10049D80C /* JourneyMainScreenVC.swift in Sources */ = {isa = PBXBuildFile; fileRef = AED8EC9122172AF10049D80C /* JourneyMainScreenVC.swift */; };
		AED8EC9422172AF10049D80C /* StopsMainScreenVC.swift in Sources */ = {isa = PBXBuildFile; fileRef = AED8EC9322172AF10049D80C /* StopsMainScreenVC.swift */; };
		AED8EC9722172AF10049D80C /* Main.storyboard in Resources */ = {isa = PBXBuildFile; fileRef = AED8EC9522172AF10049D80C /* Main.storyboard */; };
		AED8EC9922172AF50049D80C /* Assets.xcassets in Resources */ = {isa = PBXBuildFile; fileRef = AED8EC9822172AF50049D80C /* Assets.xcassets */; };
		AED8EC9C22172AF50049D80C /* LaunchScreen.storyboard in Resources */ = {isa = PBXBuildFile; fileRef = AED8EC9A22172AF50049D80C /* LaunchScreen.storyboard */; };
		AED8ECA422172D750049D80C /* TabBarController.swift in Sources */ = {isa = PBXBuildFile; fileRef = AED8ECA322172D750049D80C /* TabBarController.swift */; };
		AED8ECA622172DEA0049D80C /* SettingsVC.swift in Sources */ = {isa = PBXBuildFile; fileRef = AED8ECA522172DEA0049D80C /* SettingsVC.swift */; };
		AED8ECA82217376E0049D80C /* ImageDatabase.swift in Sources */ = {isa = PBXBuildFile; fileRef = AED8ECA72217376E0049D80C /* ImageDatabase.swift */; };
		AED8ECAA2218CE210049D80C /* ColorCollection.swift in Sources */ = {isa = PBXBuildFile; fileRef = AED8ECA92218CE210049D80C /* ColorCollection.swift */; };
/* End PBXBuildFile section */

/* Begin PBXFileReference section */
		AE391E0722230C1800F7F5A7 /* CurrentLocationCell.swift */ = {isa = PBXFileReference; lastKnownFileType = sourcecode.swift; path = CurrentLocationCell.swift; sourceTree = "<group>"; };
		AE391E0922230C5C00F7F5A7 /* CellBGView.swift */ = {isa = PBXFileReference; lastKnownFileType = sourcecode.swift; path = CellBGView.swift; sourceTree = "<group>"; };
		AE5CDFCA221B2017003C40D8 /* UIColor - Extension.swift */ = {isa = PBXFileReference; lastKnownFileType = sourcecode.swift; path = "UIColor - Extension.swift"; sourceTree = "<group>"; };
		AE5CDFCD221B232E003C40D8 /* UIView - Extension.swift */ = {isa = PBXFileReference; fileEncoding = 4; lastKnownFileType = sourcecode.swift; path = "UIView - Extension.swift"; sourceTree = "<group>"; };
		AE5CDFCF221B23EB003C40D8 /* SearchTextField.swift */ = {isa = PBXFileReference; lastKnownFileType = sourcecode.swift; path = SearchTextField.swift; sourceTree = "<group>"; };
		AE5CDFE0221B36D3003C40D8 /* JourneyMainTableView.swift */ = {isa = PBXFileReference; lastKnownFileType = sourcecode.swift; path = JourneyMainTableView.swift; sourceTree = "<group>"; };
		AE5CDFE2221B39E1003C40D8 /* HeaderView.swift */ = {isa = PBXFileReference; lastKnownFileType = sourcecode.swift; path = HeaderView.swift; sourceTree = "<group>"; };
		AE5CDFE4221B3AC8003C40D8 /* AddressCell.swift */ = {isa = PBXFileReference; lastKnownFileType = sourcecode.swift; path = AddressCell.swift; sourceTree = "<group>"; };
		AE5CDFE6221B3CD3003C40D8 /* TableViewCellIDs.swift */ = {isa = PBXFileReference; lastKnownFileType = sourcecode.swift; path = TableViewCellIDs.swift; sourceTree = "<group>"; };
		AEAA398622247C4200D50A46 /* PlaceSearchVC.swift */ = {isa = PBXFileReference; lastKnownFileType = sourcecode.swift; path = PlaceSearchVC.swift; sourceTree = "<group>"; };
		AEAA398822248E0500D50A46 /* PlaceSearchTableView.swift */ = {isa = PBXFileReference; lastKnownFileType = sourcecode.swift; path = PlaceSearchTableView.swift; sourceTree = "<group>"; };
		AEAA398C222857BA00D50A46 /* PlaceItem.swift */ = {isa = PBXFileReference; lastKnownFileType = sourcecode.swift; path = PlaceItem.swift; sourceTree = "<group>"; };
		AED8EC8C22172AF10049D80C /* Quickie.app */ = {isa = PBXFileReference; explicitFileType = wrapper.application; includeInIndex = 0; path = Quickie.app; sourceTree = BUILT_PRODUCTS_DIR; };
		AED8EC8F22172AF10049D80C /* AppDelegate.swift */ = {isa = PBXFileReference; lastKnownFileType = sourcecode.swift; path = AppDelegate.swift; sourceTree = "<group>"; };
		AED8EC9122172AF10049D80C /* JourneyMainScreenVC.swift */ = {isa = PBXFileReference; lastKnownFileType = sourcecode.swift; path = JourneyMainScreenVC.swift; sourceTree = "<group>"; };
		AED8EC9322172AF10049D80C /* StopsMainScreenVC.swift */ = {isa = PBXFileReference; lastKnownFileType = sourcecode.swift; path = StopsMainScreenVC.swift; sourceTree = "<group>"; };
		AED8EC9622172AF10049D80C /* Base */ = {isa = PBXFileReference; lastKnownFileType = file.storyboard; name = Base; path = Base.lproj/Main.storyboard; sourceTree = "<group>"; };
		AED8EC9822172AF50049D80C /* Assets.xcassets */ = {isa = PBXFileReference; lastKnownFileType = folder.assetcatalog; path = Assets.xcassets; sourceTree = "<group>"; };
		AED8EC9B22172AF50049D80C /* Base */ = {isa = PBXFileReference; lastKnownFileType = file.storyboard; name = Base; path = Base.lproj/LaunchScreen.storyboard; sourceTree = "<group>"; };
		AED8EC9D22172AF50049D80C /* Info.plist */ = {isa = PBXFileReference; lastKnownFileType = text.plist.xml; path = Info.plist; sourceTree = "<group>"; };
		AED8ECA322172D750049D80C /* TabBarController.swift */ = {isa = PBXFileReference; lastKnownFileType = sourcecode.swift; path = TabBarController.swift; sourceTree = "<group>"; };
		AED8ECA522172DEA0049D80C /* SettingsVC.swift */ = {isa = PBXFileReference; lastKnownFileType = sourcecode.swift; path = SettingsVC.swift; sourceTree = "<group>"; };
		AED8ECA72217376E0049D80C /* ImageDatabase.swift */ = {isa = PBXFileReference; lastKnownFileType = sourcecode.swift; path = ImageDatabase.swift; sourceTree = "<group>"; };
		AED8ECA92218CE210049D80C /* ColorCollection.swift */ = {isa = PBXFileReference; lastKnownFileType = sourcecode.swift; path = ColorCollection.swift; sourceTree = "<group>"; };
/* End PBXFileReference section */

/* Begin PBXFrameworksBuildPhase section */
		AED8EC8922172AF10049D80C /* Frameworks */ = {
			isa = PBXFrameworksBuildPhase;
			buildActionMask = 2147483647;
			files = (
			);
			runOnlyForDeploymentPostprocessing = 0;
		};
/* End PBXFrameworksBuildPhase section */

/* Begin PBXGroup section */
		AE5CDFCC221B201C003C40D8 /* Extensions */ = {
			isa = PBXGroup;
			children = (
				AE5CDFCD221B232E003C40D8 /* UIView - Extension.swift */,
				AE5CDFCA221B2017003C40D8 /* UIColor - Extension.swift */,
			);
			path = Extensions;
			sourceTree = "<group>";
		};
		AE5CDFD1221B3092003C40D8 /* Constrants */ = {
			isa = PBXGroup;
			children = (
				AED8ECA72217376E0049D80C /* ImageDatabase.swift */,
				AED8ECA92218CE210049D80C /* ColorCollection.swift */,
				AE5CDFE6221B3CD3003C40D8 /* TableViewCellIDs.swift */,
			);
			path = Constrants;
			sourceTree = "<group>";
		};
		AE5CDFD2221B3097003C40D8 /* View */ = {
			isa = PBXGroup;
			children = (
			);
			path = View;
			sourceTree = "<group>";
		};
		AE5CDFD3221B309A003C40D8 /* TabBar */ = {
			isa = PBXGroup;
			children = (
				AED8ECA322172D750049D80C /* TabBarController.swift */,
			);
			path = TabBar;
			sourceTree = "<group>";
		};
		AE5CDFD4221B35CD003C40D8 /* JourneyMain */ = {
			isa = PBXGroup;
			children = (
				AE5CDFD7221B35DE003C40D8 /* Controller */,
				AE5CDFD6221B35DA003C40D8 /* View */,
				AE5CDFD5221B35D4003C40D8 /* Model */,
			);
			path = JourneyMain;
			sourceTree = "<group>";
		};
		AE5CDFD5221B35D4003C40D8 /* Model */ = {
			isa = PBXGroup;
			children = (
				AEAA398C222857BA00D50A46 /* PlaceItem.swift */,
			);
			path = Model;
			sourceTree = "<group>";
		};
		AE5CDFD6221B35DA003C40D8 /* View */ = {
			isa = PBXGroup;
			children = (
				AE5CDFCF221B23EB003C40D8 /* SearchTextField.swift */,
				AE5CDFE2221B39E1003C40D8 /* HeaderView.swift */,
				AE5CDFE4221B3AC8003C40D8 /* AddressCell.swift */,
				AE391E0722230C1800F7F5A7 /* CurrentLocationCell.swift */,
				AE391E0922230C5C00F7F5A7 /* CellBGView.swift */,
			);
			path = View;
			sourceTree = "<group>";
		};
		AE5CDFD7221B35DE003C40D8 /* Controller */ = {
			isa = PBXGroup;
			children = (
				AED8EC9122172AF10049D80C /* JourneyMainScreenVC.swift */,
				AE5CDFE0221B36D3003C40D8 /* JourneyMainTableView.swift */,
				AEAA398622247C4200D50A46 /* PlaceSearchVC.swift */,
				AEAA398822248E0500D50A46 /* PlaceSearchTableView.swift */,
			);
			path = Controller;
			sourceTree = "<group>";
		};
		AE5CDFD8221B35F2003C40D8 /* StopsMain */ = {
			isa = PBXGroup;
			children = (
				AE5CDFDC221B3625003C40D8 /* Controller */,
				AE5CDFDB221B361C003C40D8 /* View */,
				AE5CDFDA221B3615003C40D8 /* Model */,
			);
			path = StopsMain;
			sourceTree = "<group>";
		};
		AE5CDFD9221B35FB003C40D8 /* SettingsMain */ = {
			isa = PBXGroup;
			children = (
				AE5CDFDF221B3631003C40D8 /* Controller */,
				AE5CDFDE221B362D003C40D8 /* View */,
				AE5CDFDD221B3629003C40D8 /* Model */,
			);
			path = SettingsMain;
			sourceTree = "<group>";
		};
		AE5CDFDA221B3615003C40D8 /* Model */ = {
			isa = PBXGroup;
			children = (
			);
			path = Model;
			sourceTree = "<group>";
		};
		AE5CDFDB221B361C003C40D8 /* View */ = {
			isa = PBXGroup;
			children = (
			);
			path = View;
			sourceTree = "<group>";
		};
		AE5CDFDC221B3625003C40D8 /* Controller */ = {
			isa = PBXGroup;
			children = (
				AED8EC9322172AF10049D80C /* StopsMainScreenVC.swift */,
			);
			path = Controller;
			sourceTree = "<group>";
		};
		AE5CDFDD221B3629003C40D8 /* Model */ = {
			isa = PBXGroup;
			children = (
			);
			path = Model;
			sourceTree = "<group>";
		};
		AE5CDFDE221B362D003C40D8 /* View */ = {
			isa = PBXGroup;
			children = (
			);
			path = View;
			sourceTree = "<group>";
		};
		AE5CDFDF221B3631003C40D8 /* Controller */ = {
			isa = PBXGroup;
			children = (
				AED8ECA522172DEA0049D80C /* SettingsVC.swift */,
			);
			path = Controller;
			sourceTree = "<group>";
		};
		AED8EC8322172AF00049D80C = {
			isa = PBXGroup;
			children = (
				AED8EC8E22172AF10049D80C /* Quickie */,
				AED8EC8D22172AF10049D80C /* Products */,
			);
			sourceTree = "<group>";
		};
		AED8EC8D22172AF10049D80C /* Products */ = {
			isa = PBXGroup;
			children = (
				AED8EC8C22172AF10049D80C /* Quickie.app */,
			);
			name = Products;
			sourceTree = "<group>";
		};
		AED8EC8E22172AF10049D80C /* Quickie */ = {
			isa = PBXGroup;
			children = (
				AE5CDFD4221B35CD003C40D8 /* JourneyMain */,
				AE5CDFD8221B35F2003C40D8 /* StopsMain */,
				AE5CDFD9221B35FB003C40D8 /* SettingsMain */,
				AE5CDFD3221B309A003C40D8 /* TabBar */,
				AE5CDFD2221B3097003C40D8 /* View */,
				AE5CDFD1221B3092003C40D8 /* Constrants */,
				AE5CDFCC221B201C003C40D8 /* Extensions */,
				AED8EC8F22172AF10049D80C /* AppDelegate.swift */,
				AED8EC9522172AF10049D80C /* Main.storyboard */,
				AED8EC9822172AF50049D80C /* Assets.xcassets */,
				AED8EC9A22172AF50049D80C /* LaunchScreen.storyboard */,
				AED8EC9D22172AF50049D80C /* Info.plist */,
			);
			path = Quickie;
			sourceTree = "<group>";
		};
/* End PBXGroup section */

/* Begin PBXNativeTarget section */
		AED8EC8B22172AF10049D80C /* Quickie */ = {
			isa = PBXNativeTarget;
			buildConfigurationList = AED8ECA022172AF50049D80C /* Build configuration list for PBXNativeTarget "Quickie" */;
			buildPhases = (
				AED8EC8822172AF10049D80C /* Sources */,
				AED8EC8922172AF10049D80C /* Frameworks */,
				AED8EC8A22172AF10049D80C /* Resources */,
			);
			buildRules = (
			);
			dependencies = (
			);
			name = Quickie;
			productName = Quickie;
			productReference = AED8EC8C22172AF10049D80C /* Quickie.app */;
			productType = "com.apple.product-type.application";
		};
/* End PBXNativeTarget section */

/* Begin PBXProject section */
		AED8EC8422172AF00049D80C /* Project object */ = {
			isa = PBXProject;
			attributes = {
				LastSwiftUpdateCheck = 1010;
				LastUpgradeCheck = 1010;
				ORGANIZATIONNAME = "Pawel Ambrozej";
				TargetAttributes = {
					AED8EC8B22172AF10049D80C = {
						CreatedOnToolsVersion = 10.1;
					};
				};
			};
			buildConfigurationList = AED8EC8722172AF00049D80C /* Build configuration list for PBXProject "Quickie" */;
			compatibilityVersion = "Xcode 9.3";
			developmentRegion = en;
			hasScannedForEncodings = 0;
			knownRegions = (
				en,
				Base,
			);
			mainGroup = AED8EC8322172AF00049D80C;
			productRefGroup = AED8EC8D22172AF10049D80C /* Products */;
			projectDirPath = "";
			projectRoot = "";
			targets = (
				AED8EC8B22172AF10049D80C /* Quickie */,
			);
		};
/* End PBXProject section */

/* Begin PBXResourcesBuildPhase section */
		AED8EC8A22172AF10049D80C /* Resources */ = {
			isa = PBXResourcesBuildPhase;
			buildActionMask = 2147483647;
			files = (
				AED8EC9C22172AF50049D80C /* LaunchScreen.storyboard in Resources */,
				AED8EC9922172AF50049D80C /* Assets.xcassets in Resources */,
				AED8EC9722172AF10049D80C /* Main.storyboard in Resources */,
			);
			runOnlyForDeploymentPostprocessing = 0;
		};
/* End PBXResourcesBuildPhase section */

/* Begin PBXSourcesBuildPhase section */
		AED8EC8822172AF10049D80C /* Sources */ = {
			isa = PBXSourcesBuildPhase;
			buildActionMask = 2147483647;
			files = (
				AE5CDFE1221B36D3003C40D8 /* JourneyMainTableView.swift in Sources */,
				AED8EC9422172AF10049D80C /* StopsMainScreenVC.swift in Sources */,
				AED8ECA82217376E0049D80C /* ImageDatabase.swift in Sources */,
				AED8ECAA2218CE210049D80C /* ColorCollection.swift in Sources */,
				AE5CDFCB221B2017003C40D8 /* UIColor - Extension.swift in Sources */,
				AED8EC9022172AF10049D80C /* AppDelegate.swift in Sources */,
				AE5CDFE7221B3CD3003C40D8 /* TableViewCellIDs.swift in Sources */,
				AE391E0822230C1800F7F5A7 /* CurrentLocationCell.swift in Sources */,
				AE5CDFD0221B23EB003C40D8 /* SearchTextField.swift in Sources */,
				AE5CDFE3221B39E1003C40D8 /* HeaderView.swift in Sources */,
				AEAA398722247C4200D50A46 /* PlaceSearchVC.swift in Sources */,
				AEAA398922248E0500D50A46 /* PlaceSearchTableView.swift in Sources */,
				AED8ECA422172D750049D80C /* TabBarController.swift in Sources */,
				AED8EC9222172AF10049D80C /* JourneyMainScreenVC.swift in Sources */,
				AE5CDFCE221B232E003C40D8 /* UIView - Extension.swift in Sources */,
				AED8ECA622172DEA0049D80C /* SettingsVC.swift in Sources */,
				AE5CDFE5221B3AC8003C40D8 /* AddressCell.swift in Sources */,
				AE391E0A22230C5C00F7F5A7 /* CellBGView.swift in Sources */,
				AEAA398D222857BA00D50A46 /* PlaceItem.swift in Sources */,
			);
			runOnlyForDeploymentPostprocessing = 0;
		};
/* End PBXSourcesBuildPhase section */

/* Begin PBXVariantGroup section */
		AED8EC9522172AF10049D80C /* Main.storyboard */ = {
			isa = PBXVariantGroup;
			children = (
				AED8EC9622172AF10049D80C /* Base */,
			);
			name = Main.storyboard;
			sourceTree = "<group>";
		};
		AED8EC9A22172AF50049D80C /* LaunchScreen.storyboard */ = {
			isa = PBXVariantGroup;
			children = (
				AED8EC9B22172AF50049D80C /* Base */,
			);
			name = LaunchScreen.storyboard;
			sourceTree = "<group>";
		};
/* End PBXVariantGroup section */

/* Begin XCBuildConfiguration section */
		AED8EC9E22172AF50049D80C /* Debug */ = {
			isa = XCBuildConfiguration;
			buildSettings = {
				ALWAYS_SEARCH_USER_PATHS = NO;
				CLANG_ANALYZER_NONNULL = YES;
				CLANG_ANALYZER_NUMBER_OBJECT_CONVERSION = YES_AGGRESSIVE;
				CLANG_CXX_LANGUAGE_STANDARD = "gnu++14";
				CLANG_CXX_LIBRARY = "libc++";
				CLANG_ENABLE_MODULES = YES;
				CLANG_ENABLE_OBJC_ARC = YES;
				CLANG_ENABLE_OBJC_WEAK = YES;
				CLANG_WARN_BLOCK_CAPTURE_AUTORELEASING = YES;
				CLANG_WARN_BOOL_CONVERSION = YES;
				CLANG_WARN_COMMA = YES;
				CLANG_WARN_CONSTANT_CONVERSION = YES;
				CLANG_WARN_DEPRECATED_OBJC_IMPLEMENTATIONS = YES;
				CLANG_WARN_DIRECT_OBJC_ISA_USAGE = YES_ERROR;
				CLANG_WARN_DOCUMENTATION_COMMENTS = YES;
				CLANG_WARN_EMPTY_BODY = YES;
				CLANG_WARN_ENUM_CONVERSION = YES;
				CLANG_WARN_INFINITE_RECURSION = YES;
				CLANG_WARN_INT_CONVERSION = YES;
				CLANG_WARN_NON_LITERAL_NULL_CONVERSION = YES;
				CLANG_WARN_OBJC_IMPLICIT_RETAIN_SELF = YES;
				CLANG_WARN_OBJC_LITERAL_CONVERSION = YES;
				CLANG_WARN_OBJC_ROOT_CLASS = YES_ERROR;
				CLANG_WARN_RANGE_LOOP_ANALYSIS = YES;
				CLANG_WARN_STRICT_PROTOTYPES = YES;
				CLANG_WARN_SUSPICIOUS_MOVE = YES;
				CLANG_WARN_UNGUARDED_AVAILABILITY = YES_AGGRESSIVE;
				CLANG_WARN_UNREACHABLE_CODE = YES;
				CLANG_WARN__DUPLICATE_METHOD_MATCH = YES;
				CODE_SIGN_IDENTITY = "iPhone Developer";
				COPY_PHASE_STRIP = NO;
				DEBUG_INFORMATION_FORMAT = dwarf;
				ENABLE_STRICT_OBJC_MSGSEND = YES;
				ENABLE_TESTABILITY = YES;
				GCC_C_LANGUAGE_STANDARD = gnu11;
				GCC_DYNAMIC_NO_PIC = NO;
				GCC_NO_COMMON_BLOCKS = YES;
				GCC_OPTIMIZATION_LEVEL = 0;
				GCC_PREPROCESSOR_DEFINITIONS = (
					"DEBUG=1",
					"$(inherited)",
				);
				GCC_WARN_64_TO_32_BIT_CONVERSION = YES;
				GCC_WARN_ABOUT_RETURN_TYPE = YES_ERROR;
				GCC_WARN_UNDECLARED_SELECTOR = YES;
				GCC_WARN_UNINITIALIZED_AUTOS = YES_AGGRESSIVE;
				GCC_WARN_UNUSED_FUNCTION = YES;
				GCC_WARN_UNUSED_VARIABLE = YES;
				IPHONEOS_DEPLOYMENT_TARGET = 12.1;
				MTL_ENABLE_DEBUG_INFO = INCLUDE_SOURCE;
				MTL_FAST_MATH = YES;
				ONLY_ACTIVE_ARCH = YES;
				SDKROOT = iphoneos;
				SWIFT_ACTIVE_COMPILATION_CONDITIONS = DEBUG;
				SWIFT_OPTIMIZATION_LEVEL = "-Onone";
			};
			name = Debug;
		};
		AED8EC9F22172AF50049D80C /* Release */ = {
			isa = XCBuildConfiguration;
			buildSettings = {
				ALWAYS_SEARCH_USER_PATHS = NO;
				CLANG_ANALYZER_NONNULL = YES;
				CLANG_ANALYZER_NUMBER_OBJECT_CONVERSION = YES_AGGRESSIVE;
				CLANG_CXX_LANGUAGE_STANDARD = "gnu++14";
				CLANG_CXX_LIBRARY = "libc++";
				CLANG_ENABLE_MODULES = YES;
				CLANG_ENABLE_OBJC_ARC = YES;
				CLANG_ENABLE_OBJC_WEAK = YES;
				CLANG_WARN_BLOCK_CAPTURE_AUTORELEASING = YES;
				CLANG_WARN_BOOL_CONVERSION = YES;
				CLANG_WARN_COMMA = YES;
				CLANG_WARN_CONSTANT_CONVERSION = YES;
				CLANG_WARN_DEPRECATED_OBJC_IMPLEMENTATIONS = YES;
				CLANG_WARN_DIRECT_OBJC_ISA_USAGE = YES_ERROR;
				CLANG_WARN_DOCUMENTATION_COMMENTS = YES;
				CLANG_WARN_EMPTY_BODY = YES;
				CLANG_WARN_ENUM_CONVERSION = YES;
				CLANG_WARN_INFINITE_RECURSION = YES;
				CLANG_WARN_INT_CONVERSION = YES;
				CLANG_WARN_NON_LITERAL_NULL_CONVERSION = YES;
				CLANG_WARN_OBJC_IMPLICIT_RETAIN_SELF = YES;
				CLANG_WARN_OBJC_LITERAL_CONVERSION = YES;
				CLANG_WARN_OBJC_ROOT_CLASS = YES_ERROR;
				CLANG_WARN_RANGE_LOOP_ANALYSIS = YES;
				CLANG_WARN_STRICT_PROTOTYPES = YES;
				CLANG_WARN_SUSPICIOUS_MOVE = YES;
				CLANG_WARN_UNGUARDED_AVAILABILITY = YES_AGGRESSIVE;
				CLANG_WARN_UNREACHABLE_CODE = YES;
				CLANG_WARN__DUPLICATE_METHOD_MATCH = YES;
				CODE_SIGN_IDENTITY = "iPhone Developer";
				COPY_PHASE_STRIP = NO;
				DEBUG_INFORMATION_FORMAT = "dwarf-with-dsym";
				ENABLE_NS_ASSERTIONS = NO;
				ENABLE_STRICT_OBJC_MSGSEND = YES;
				GCC_C_LANGUAGE_STANDARD = gnu11;
				GCC_NO_COMMON_BLOCKS = YES;
				GCC_WARN_64_TO_32_BIT_CONVERSION = YES;
				GCC_WARN_ABOUT_RETURN_TYPE = YES_ERROR;
				GCC_WARN_UNDECLARED_SELECTOR = YES;
				GCC_WARN_UNINITIALIZED_AUTOS = YES_AGGRESSIVE;
				GCC_WARN_UNUSED_FUNCTION = YES;
				GCC_WARN_UNUSED_VARIABLE = YES;
				IPHONEOS_DEPLOYMENT_TARGET = 12.1;
				MTL_ENABLE_DEBUG_INFO = NO;
				MTL_FAST_MATH = YES;
				SDKROOT = iphoneos;
				SWIFT_COMPILATION_MODE = wholemodule;
				SWIFT_OPTIMIZATION_LEVEL = "-O";
				VALIDATE_PRODUCT = YES;
			};
			name = Release;
		};
		AED8ECA122172AF50049D80C /* Debug */ = {
			isa = XCBuildConfiguration;
			buildSettings = {
				ASSETCATALOG_COMPILER_APPICON_NAME = AppIcon;
				CODE_SIGN_STYLE = Automatic;
				DEVELOPMENT_TEAM = 7633FB6D49;
				INFOPLIST_FILE = Quickie/Info.plist;
				LD_RUNPATH_SEARCH_PATHS = (
					"$(inherited)",
					"@executable_path/Frameworks",
				);
				PRODUCT_BUNDLE_IDENTIFIER = com.realuglyduck.Quickie;
				PRODUCT_NAME = "$(TARGET_NAME)";
				SWIFT_VERSION = 4.2;
				TARGETED_DEVICE_FAMILY = "1,2";
			};
			name = Debug;
		};
		AED8ECA222172AF50049D80C /* Release */ = {
			isa = XCBuildConfiguration;
			buildSettings = {
				ASSETCATALOG_COMPILER_APPICON_NAME = AppIcon;
				CODE_SIGN_STYLE = Automatic;
				DEVELOPMENT_TEAM = 7633FB6D49;
				INFOPLIST_FILE = Quickie/Info.plist;
				LD_RUNPATH_SEARCH_PATHS = (
					"$(inherited)",
					"@executable_path/Frameworks",
				);
				PRODUCT_BUNDLE_IDENTIFIER = com.realuglyduck.Quickie;
				PRODUCT_NAME = "$(TARGET_NAME)";
				SWIFT_VERSION = 4.2;
				TARGETED_DEVICE_FAMILY = "1,2";
			};
			name = Release;
		};
/* End XCBuildConfiguration section */

/* Begin XCConfigurationList section */
		AED8EC8722172AF00049D80C /* Build configuration list for PBXProject "Quickie" */ = {
			isa = XCConfigurationList;
			buildConfigurations = (
				AED8EC9E22172AF50049D80C /* Debug */,
				AED8EC9F22172AF50049D80C /* Release */,
			);
			defaultConfigurationIsVisible = 0;
			defaultConfigurationName = Release;
		};
		AED8ECA022172AF50049D80C /* Build configuration list for PBXNativeTarget "Quickie" */ = {
			isa = XCConfigurationList;
			buildConfigurations = (
				AED8ECA122172AF50049D80C /* Debug */,
				AED8ECA222172AF50049D80C /* Release */,
			);
			defaultConfigurationIsVisible = 0;
			defaultConfigurationName = Release;
		};
/* End XCConfigurationList section */
	};
	rootObject = AED8EC8422172AF00049D80C /* Project object */;
}
